
Microsoft Visual Studio Solution File, Format Version 12.00
# Visual Studio Version 16
VisualStudioVersion = 16.0.810.25
MinimumVisualStudioVersion = 10.0.40219.1
Project("{FAE04EC0-301F-11D3-BF4B-00C04F79EFBC}") = "Leetcode", "Leetcode\Leetcode.csproj", "{9686A306-E9D1-428D-9DCD-A991F652E0A1}"
EndProject
Project("{FAE04EC0-301F-11D3-BF4B-00C04F79EFBC}") = "HashTable", "HashTable\HashTable.csproj", "{AB9F595F-C60F-46AC-AC9C-189C6861067F}"
EndProject
Project("{FAE04EC0-301F-11D3-BF4B-00C04F79EFBC}") = "LinkedList", "LinkedList\LinkedList.csproj", "{6994CE92-F356-4300-A83B-953D3985F87A}"
EndProject
Project("{FAE04EC0-301F-11D3-BF4B-00C04F79EFBC}") = "Trees", "Trees\Trees.csproj", "{5D9F1528-C10E-40A4-ACF4-A4A344D04115}"
EndProject
Project("{FAE04EC0-301F-11D3-BF4B-00C04F79EFBC}") = "StacksQueues", "StacksQueues\StacksQueues.csproj", "{B3CE3B30-0DE4-4567-BDB1-78948BE83B21}"
EndProject
Project("{FAE04EC0-301F-11D3-BF4B-00C04F79EFBC}") = "Heap", "Heap\Heap.csproj", "{70F9A084-097A-42E3-94C1-583AA5A473A1}"
EndProject
Project("{FAE04EC0-301F-11D3-BF4B-00C04F79EFBC}") = "Graph", "Graph\Graph.csproj", "{2372AFC4-6468-4434-9E23-091BBE213C13}"
EndProject
Global
	GlobalSection(SolutionConfigurationPlatforms) = preSolution
		Debug|Any CPU = Debug|Any CPU
		Release|Any CPU = Release|Any CPU
	EndGlobalSection
	GlobalSection(ProjectConfigurationPlatforms) = postSolution
		{9686A306-E9D1-428D-9DCD-A991F652E0A1}.Debug|Any CPU.ActiveCfg = Debug|Any CPU
		{9686A306-E9D1-428D-9DCD-A991F652E0A1}.Debug|Any CPU.Build.0 = Debug|Any CPU
		{9686A306-E9D1-428D-9DCD-A991F652E0A1}.Release|Any CPU.ActiveCfg = Release|Any CPU
		{9686A306-E9D1-428D-9DCD-A991F652E0A1}.Release|Any CPU.Build.0 = Release|Any CPU
		{AB9F595F-C60F-46AC-AC9C-189C6861067F}.Debug|Any CPU.ActiveCfg = Debug|Any CPU
		{AB9F595F-C60F-46AC-AC9C-189C6861067F}.Debug|Any CPU.Build.0 = Debug|Any CPU
		{AB9F595F-C60F-46AC-AC9C-189C6861067F}.Release|Any CPU.ActiveCfg = Release|Any CPU
		{AB9F595F-C60F-46AC-AC9C-189C6861067F}.Release|Any CPU.Build.0 = Release|Any CPU
		{6994CE92-F356-4300-A83B-953D3985F87A}.Debug|Any CPU.ActiveCfg = Debug|Any CPU
		{6994CE92-F356-4300-A83B-953D3985F87A}.Debug|Any CPU.Build.0 = Debug|Any CPU
		{6994CE92-F356-4300-A83B-953D3985F87A}.Release|Any CPU.ActiveCfg = Release|Any CPU
		{6994CE92-F356-4300-A83B-953D3985F87A}.Release|Any CPU.Build.0 = Release|Any CPU
		{5D9F1528-C10E-40A4-ACF4-A4A344D04115}.Debug|Any CPU.ActiveCfg = Debug|Any CPU
		{5D9F1528-C10E-40A4-ACF4-A4A344D04115}.Debug|Any CPU.Build.0 = Debug|Any CPU
		{5D9F1528-C10E-40A4-ACF4-A4A344D04115}.Release|Any CPU.ActiveCfg = Release|Any CPU
		{5D9F1528-C10E-40A4-ACF4-A4A344D04115}.Release|Any CPU.Build.0 = Release|Any CPU
		{B3CE3B30-0DE4-4567-BDB1-78948BE83B21}.Debug|Any CPU.ActiveCfg = Debug|Any CPU
		{B3CE3B30-0DE4-4567-BDB1-78948BE83B21}.Debug|Any CPU.Build.0 = Debug|Any CPU
		{B3CE3B30-0DE4-4567-BDB1-78948BE83B21}.Release|Any CPU.ActiveCfg = Release|Any CPU
		{B3CE3B30-0DE4-4567-BDB1-78948BE83B21}.Release|Any CPU.Build.0 = Release|Any CPU
		{70F9A084-097A-42E3-94C1-583AA5A473A1}.Debug|Any CPU.ActiveCfg = Debug|Any CPU
		{70F9A084-097A-42E3-94C1-583AA5A473A1}.Debug|Any CPU.Build.0 = Debug|Any CPU
		{70F9A084-097A-42E3-94C1-583AA5A473A1}.Release|Any CPU.ActiveCfg = Release|Any CPU
		{70F9A084-097A-42E3-94C1-583AA5A473A1}.Release|Any CPU.Build.0 = Release|Any CPU
		{2372AFC4-6468-4434-9E23-091BBE213C13}.Debug|Any CPU.ActiveCfg = Debug|Any CPU
		{2372AFC4-6468-4434-9E23-091BBE213C13}.Debug|Any CPU.Build.0 = Debug|Any CPU
		{2372AFC4-6468-4434-9E23-091BBE213C13}.Release|Any CPU.ActiveCfg = Release|Any CPU
		{2372AFC4-6468-4434-9E23-091BBE213C13}.Release|Any CPU.Build.0 = Release|Any CPU
	EndGlobalSection
	GlobalSection(SolutionProperties) = preSolution
		HideSolutionNode = FALSE
	EndGlobalSection
	GlobalSection(ExtensibilityGlobals) = postSolution
		SolutionGuid = {C1D25A97-6B28-4B3E-B8FD-E771D85A261B}
	EndGlobalSection
EndGlobal
